
Microsoft Visual Studio Solution File, Format Version 12.00
# Visual Studio Version 17
VisualStudioVersion = 17.10.35004.147
MinimumVisualStudioVersion = 10.0.40219.1
Project("{FAE04EC0-301F-11D3-BF4B-00C04F79EFBC}") = "ParisApp", "ParisApp.csproj", "{C49ABE35-0F36-4B4C-8F6C-BF891213F293}"
EndProject
Global
	GlobalSection(SolutionConfigurationPlatforms) = preSolution
		Debug|Any CPU = Debug|Any CPU
		Release|Any CPU = Release|Any CPU
	EndGlobalSection
	GlobalSection(ProjectConfigurationPlatforms) = postSolution
		{C49ABE35-0F36-4B4C-8F6C-BF891213F293}.Debug|Any CPU.ActiveCfg = Debug|Any CPU
		{C49ABE35-0F36-4B4C-8F6C-BF891213F293}.Debug|Any CPU.Build.0 = Debug|Any CPU
		{C49ABE35-0F36-4B4C-8F6C-BF891213F293}.Release|Any CPU.ActiveCfg = Release|Any CPU
		{C49ABE35-0F36-4B4C-8F6C-BF891213F293}.Release|Any CPU.Build.0 = Release|Any CPU
	EndGlobalSection
	GlobalSection(SolutionProperties) = preSolution
		HideSolutionNode = FALSE
	EndGlobalSection
	GlobalSection(ExtensibilityGlobals) = postSolution
		SolutionGuid = {3ED83358-95BD-435C-8086-C2F812CF4B7E}
	EndGlobalSection
EndGlobal
